
Microsoft Visual Studio Solution File, Format Version 12.00
# Visual Studio Version 16
VisualStudioVersion = 25.0.1706.13
MinimumVisualStudioVersion = 10.0.40219.1
Project("{FAE04EC0-301F-11D3-BF4B-00C04F79EFBC}") = "math-calculator", "math-calculator\math-calculator.csproj", "{760EA935-961F-4043-B4F2-F98FC9E7AA3F}"
EndProject
Global
	GlobalSection(SolutionConfigurationPlatforms) = preSolution
		Debug|Any CPU = Debug|Any CPU
		Release|Any CPU = Release|Any CPU
	EndGlobalSection
	GlobalSection(ProjectConfigurationPlatforms) = postSolution
		{760EA935-961F-4043-B4F2-F98FC9E7AA3F}.Debug|Any CPU.ActiveCfg = Debug|Any CPU
		{760EA935-961F-4043-B4F2-F98FC9E7AA3F}.Debug|Any CPU.Build.0 = Debug|Any CPU
		{760EA935-961F-4043-B4F2-F98FC9E7AA3F}.Release|Any CPU.ActiveCfg = Release|Any CPU
		{760EA935-961F-4043-B4F2-F98FC9E7AA3F}.Release|Any CPU.Build.0 = Release|Any CPU
	EndGlobalSection
	GlobalSection(SolutionProperties) = preSolution
		HideSolutionNode = FALSE
	EndGlobalSection
	GlobalSection(ExtensibilityGlobals) = postSolution
		SolutionGuid = {D0B7556B-81A6-4495-BCFB-9D13CB1342A6}
	EndGlobalSection
EndGlobal
